
Microsoft Visual Studio Solution File, Format Version 11.00
# Visual Studio 2010
Project("{FAE04EC0-301F-11D3-BF4B-00C04F79EFBC}") = "Naive.EventSourcing", "Naive.EventSourcing\Naive.EventSourcing.csproj", "{A951B5CF-92DF-423D-B4DB-8F34521BA914}"
EndProject
Project("{FAE04EC0-301F-11D3-BF4B-00C04F79EFBC}") = "Naive.EventSourcing.Tests", "Naive.EventSourcing.Tests\Naive.EventSourcing.Tests.csproj", "{5E04DD2D-E518-4291-B43B-717EEE415844}"
EndProject
Project("{2150E333-8FDC-42A3-9474-1A3956D46DE8}") = "Solution Items", "Solution Items", "{D7A85667-6665-42C5-A16B-D5195F319A32}"
	ProjectSection(SolutionItems) = preProject
		Local.testsettings = Local.testsettings
		Naive.EventSourcing.vsmdi = Naive.EventSourcing.vsmdi
		TraceAndTestImpact.testsettings = TraceAndTestImpact.testsettings
	EndProjectSection
EndProject
Global
	GlobalSection(TestCaseManagementSettings) = postSolution
		CategoryFile = Naive.EventSourcing.vsmdi
	EndGlobalSection
	GlobalSection(SolutionConfigurationPlatforms) = preSolution
		Debug|Any CPU = Debug|Any CPU
		Release|Any CPU = Release|Any CPU
	EndGlobalSection
	GlobalSection(ProjectConfigurationPlatforms) = postSolution
		{A951B5CF-92DF-423D-B4DB-8F34521BA914}.Debug|Any CPU.ActiveCfg = Debug|Any CPU
		{A951B5CF-92DF-423D-B4DB-8F34521BA914}.Debug|Any CPU.Build.0 = Debug|Any CPU
		{A951B5CF-92DF-423D-B4DB-8F34521BA914}.Release|Any CPU.ActiveCfg = Release|Any CPU
		{A951B5CF-92DF-423D-B4DB-8F34521BA914}.Release|Any CPU.Build.0 = Release|Any CPU
		{5E04DD2D-E518-4291-B43B-717EEE415844}.Debug|Any CPU.ActiveCfg = Debug|Any CPU
		{5E04DD2D-E518-4291-B43B-717EEE415844}.Debug|Any CPU.Build.0 = Debug|Any CPU
		{5E04DD2D-E518-4291-B43B-717EEE415844}.Release|Any CPU.ActiveCfg = Release|Any CPU
		{5E04DD2D-E518-4291-B43B-717EEE415844}.Release|Any CPU.Build.0 = Release|Any CPU
	EndGlobalSection
	GlobalSection(SolutionProperties) = preSolution
		HideSolutionNode = FALSE
	EndGlobalSection
EndGlobal
